<?xml version="1.0" encoding="utf-8"?>
<Project ToolsVersion="4.0" xmlns="http://schemas.microsoft.com/developer/msbuild/2003">
  <ItemGroup>
    <Filter Include="Source Files">
      <UniqueIdentifier>{4FC737F1-C7A5-4376-A066-2A32D752A2FF}</UniqueIdentifier>
      <Extensions>cpp;c;cc;cxx;def;odl;idl;hpj;bat;asm;asmx</Extensions>
    </Filter>
    <Filter Include="Header Files">
      <UniqueIdentifier>{93995380-89BD-4b04-88EB-625FBE52EBFB}</UniqueIdentifier>
      <Extensions>h;hpp;hxx;hm;inl;inc;xsd</Extensions>
    </Filter>
    <Filter Include="Resource Files">
      <UniqueIdentifier>{67DA6AB6-F800-4c08-8B7A-83BB121AAD01}</UniqueIdentifier>
      <Extensions>rc;ico;cur;bmp;dlg;rc2;rct;bin;rgs;gif;jpg;jpeg;jpe;resx;tiff;tif;png;wav;mfcribbon-ms</Extensions>
    </Filter>
    <Filter Include="Driver Files">
      <UniqueIdentifier>{8E41214B-6785-4CFE-B992-037D68949A14}</UniqueIdentifier>
      <Extensions>inf;inv;inx;mof;mc;</Extensions>
    </Filter>
    <Filter Include="Utils">
      <UniqueIdentifier>{e1c57353-44c9-4c01-913f-a7049118a379}</UniqueIdentifier>
    </Filter>
    <Filter Include="comm">
      <UniqueIdentifier>{2cb5e9ca-1b40-4fb8-9322-8e9820d44998}</UniqueIdentifier>
    </Filter>
    <Filter Include="ams">
      <UniqueIdentifier>{e2d9ec38-cf7b-4812-8b0f-ec0d1badb82d}</UniqueIdentifier>
    </Filter>
  </ItemGroup>
  <ItemGroup>
    <ClCompile Include="DriverMain.cpp">
      <Filter>Source Files</Filter>
    </ClCompile>
    <ClCompile Include="etwHook_init.cpp">
      <Filter>Source Files</Filter>
    </ClCompile>
    <ClCompile Include="Utils\CppSupport.cpp">
      <Filter>Utils</Filter>
    </ClCompile>
    <ClCompile Include="HOOKManager.cpp">
      <Filter>Source Files</Filter>
    </ClCompile>
    <ClCompile Include="Utils\Loader.cpp">
      <Filter>Utils</Filter>
    </ClCompile>
    <ClCompile Include="Utils\MemoryUtils.cpp">
      <Filter>Utils</Filter>
    </ClCompile>
    <ClCompile Include="comm\IoComm.cpp">
      <Filter>comm</Filter>
    </ClCompile>
  </ItemGroup>
  <ItemGroup>
    <ClInclude Include="etwhook_init.hpp">
      <Filter>Header Files</Filter>
    </ClInclude>
    <ClInclude Include="Utils\CppSupport.h">
      <Filter>Utils</Filter>
    </ClInclude>
    <ClInclude Include="Utils\MacroHelper.h">
      <Filter>Utils</Filter>
    </ClInclude>
    <ClInclude Include="refs.hpp">
      <Filter>Header Files</Filter>
    </ClInclude>
    <ClInclude Include="Utils\PTE.h">
      <Filter>Utils</Filter>
    </ClInclude>
    <ClInclude Include="Utils\PEB.h">
      <Filter>Utils</Filter>
    </ClInclude>
    <ClInclude Include="etwhook_manager.hpp">
      <Filter>Header Files</Filter>
    </ClInclude>
    <ClInclude Include="etwhook_base.hpp">
      <Filter>Header Files</Filter>
    </ClInclude>
    <ClInclude Include="Utils\Loader.h">
      <Filter>Utils</Filter>
    </ClInclude>
    <ClInclude Include="Utils\NativeEnums.h">
      <Filter>Utils</Filter>
    </ClInclude>
    <ClInclude Include="Utils\MemoryUtils.h">
      <Filter>Utils</Filter>
    </ClInclude>
    <ClInclude Include="comm\IoComm.h">
      <Filter>comm</Filter>
    </ClInclude>
    <ClInclude Include="struct.h">
      <Filter>Header Files</Filter>
    </ClInclude>
  </ItemGroup>
  <ItemGroup>
    <MASM Include="hook.asm">
      <Filter>ams</Filter>
    </MASM>
  </ItemGroup>
</Project>